
Microsoft Visual Studio Solution File, Format Version 12.00
# Visual Studio 2012
Project("{FAE04EC0-301F-11D3-BF4B-00C04F79EFBC}") = "WebService", "WebService\WebService.csproj", "{649B50F4-65D2-45A7-93C4-38C11A2E6FE1}"
EndProject
Project("{FAE04EC0-301F-11D3-BF4B-00C04F79EFBC}") = "ObjectClass", "ObjectClass\ObjectClass.csproj", "{9619D404-DFC0-4F1E-B599-D7B3F39B7B32}"
EndProject
Project("{FAE04EC0-301F-11D3-BF4B-00C04F79EFBC}") = "AdminInterface", "AdminInterface\AdminInterface.csproj", "{FCAFD0A1-7CAA-4A74-AAD3-E69B036023D3}"
EndProject
Project("{FAE04EC0-301F-11D3-BF4B-00C04F79EFBC}") = "WebClient", "WebClient\WebClient.csproj", "{05CEF398-9168-4BE5-B461-45E29991E65A}"
EndProject
Project("{FAE04EC0-301F-11D3-BF4B-00C04F79EFBC}") = "WPFClient", "WPFClient\WPFClient.csproj", "{6A61ED5A-0F31-4B66-BEE9-D9BBEE0C86B9}"
	ProjectSection(ProjectDependencies) = postProject
		{649B50F4-65D2-45A7-93C4-38C11A2E6FE1} = {649B50F4-65D2-45A7-93C4-38C11A2E6FE1}
	EndProjectSection
EndProject
Project("{FAE04EC0-301F-11D3-BF4B-00C04F79EFBC}") = "TestKaZaPy", "TestKaZaPy\TestKaZaPy.csproj", "{BB54229B-71F4-43EA-8739-CFA7416DEE63}"
EndProject
Project("{FAE04EC0-301F-11D3-BF4B-00C04F79EFBC}") = "DataAccess", "DataAccess\DataAccess.csproj", "{195D882D-90AA-4310-B96E-5DCC05945B14}"
EndProject
Global
	GlobalSection(SolutionConfigurationPlatforms) = preSolution
		Debug|Any CPU = Debug|Any CPU
		Release|Any CPU = Release|Any CPU
	EndGlobalSection
	GlobalSection(ProjectConfigurationPlatforms) = postSolution
		{649B50F4-65D2-45A7-93C4-38C11A2E6FE1}.Debug|Any CPU.ActiveCfg = Debug|Any CPU
		{649B50F4-65D2-45A7-93C4-38C11A2E6FE1}.Debug|Any CPU.Build.0 = Debug|Any CPU
		{649B50F4-65D2-45A7-93C4-38C11A2E6FE1}.Release|Any CPU.ActiveCfg = Release|Any CPU
		{649B50F4-65D2-45A7-93C4-38C11A2E6FE1}.Release|Any CPU.Build.0 = Release|Any CPU
		{9619D404-DFC0-4F1E-B599-D7B3F39B7B32}.Debug|Any CPU.ActiveCfg = Debug|Any CPU
		{9619D404-DFC0-4F1E-B599-D7B3F39B7B32}.Debug|Any CPU.Build.0 = Debug|Any CPU
		{9619D404-DFC0-4F1E-B599-D7B3F39B7B32}.Release|Any CPU.ActiveCfg = Release|Any CPU
		{9619D404-DFC0-4F1E-B599-D7B3F39B7B32}.Release|Any CPU.Build.0 = Release|Any CPU
		{FCAFD0A1-7CAA-4A74-AAD3-E69B036023D3}.Debug|Any CPU.ActiveCfg = Debug|Any CPU
		{FCAFD0A1-7CAA-4A74-AAD3-E69B036023D3}.Debug|Any CPU.Build.0 = Debug|Any CPU
		{FCAFD0A1-7CAA-4A74-AAD3-E69B036023D3}.Release|Any CPU.ActiveCfg = Release|Any CPU
		{FCAFD0A1-7CAA-4A74-AAD3-E69B036023D3}.Release|Any CPU.Build.0 = Release|Any CPU
		{05CEF398-9168-4BE5-B461-45E29991E65A}.Debug|Any CPU.ActiveCfg = Debug|Any CPU
		{05CEF398-9168-4BE5-B461-45E29991E65A}.Debug|Any CPU.Build.0 = Debug|Any CPU
		{05CEF398-9168-4BE5-B461-45E29991E65A}.Release|Any CPU.ActiveCfg = Release|Any CPU
		{05CEF398-9168-4BE5-B461-45E29991E65A}.Release|Any CPU.Build.0 = Release|Any CPU
		{6A61ED5A-0F31-4B66-BEE9-D9BBEE0C86B9}.Debug|Any CPU.ActiveCfg = Debug|Any CPU
		{6A61ED5A-0F31-4B66-BEE9-D9BBEE0C86B9}.Debug|Any CPU.Build.0 = Debug|Any CPU
		{6A61ED5A-0F31-4B66-BEE9-D9BBEE0C86B9}.Release|Any CPU.ActiveCfg = Release|Any CPU
		{6A61ED5A-0F31-4B66-BEE9-D9BBEE0C86B9}.Release|Any CPU.Build.0 = Release|Any CPU
		{BB54229B-71F4-43EA-8739-CFA7416DEE63}.Debug|Any CPU.ActiveCfg = Debug|Any CPU
		{BB54229B-71F4-43EA-8739-CFA7416DEE63}.Debug|Any CPU.Build.0 = Debug|Any CPU
		{BB54229B-71F4-43EA-8739-CFA7416DEE63}.Release|Any CPU.ActiveCfg = Release|Any CPU
		{BB54229B-71F4-43EA-8739-CFA7416DEE63}.Release|Any CPU.Build.0 = Release|Any CPU
		{195D882D-90AA-4310-B96E-5DCC05945B14}.Debug|Any CPU.ActiveCfg = Debug|Any CPU
		{195D882D-90AA-4310-B96E-5DCC05945B14}.Debug|Any CPU.Build.0 = Debug|Any CPU
		{195D882D-90AA-4310-B96E-5DCC05945B14}.Release|Any CPU.ActiveCfg = Release|Any CPU
		{195D882D-90AA-4310-B96E-5DCC05945B14}.Release|Any CPU.Build.0 = Release|Any CPU
	EndGlobalSection
	GlobalSection(SolutionProperties) = preSolution
		HideSolutionNode = FALSE
	EndGlobalSection
EndGlobal
